{
  "name": "js",
  "lockfileVersion": 2,
  "requires": true,
  "packages": {
    "": {
      "dependencies": {
        "flags": "^0.1.3"
      }
    },
    "node_modules/flags": {
      "version": "0.1.3",
      "resolved": "https://registry.npmjs.org/flags/-/flags-0.1.3.tgz",
      "integrity": "sha1-lh0vyM3zZp1jBB4w5bJK2tNvV1g="
    }
  },
  "dependencies": {
    "flags": {
      "version": "0.1.3",
      "resolved": "https://registry.npmjs.org/flags/-/flags-0.1.3.tgz",
      "integrity": "sha1-lh0vyM3zZp1jBB4w5bJK2tNvV1g="
    }
  }
}
